
Microsoft Visual Studio Solution File, Format Version 12.00
# Visual Studio Version 17
VisualStudioVersion = 17.8.34309.116
MinimumVisualStudioVersion = 10.0.40219.1
Project("{9A19103F-16F7-4668-BE54-9A1E7A4F7556}") = "Day01", "Day01\Day01.csproj", "{210E4A4B-402A-4A78-846E-1BA18A38BD0F}"
EndProject
Project("{9A19103F-16F7-4668-BE54-9A1E7A4F7556}") = "Day02", "Day02\Day02.csproj", "{EAC49D7B-71D5-4E63-8450-6BBBEEFAF2E3}"
EndProject
Project("{9A19103F-16F7-4668-BE54-9A1E7A4F7556}") = "Day03", "Day03\Day03.csproj", "{2756EC2E-76CC-4B03-90B4-48AF8E73EFE9}"
EndProject
Project("{9A19103F-16F7-4668-BE54-9A1E7A4F7556}") = "Day04", "Day04\Day04.csproj", "{88CE2AF2-6C96-4FA8-A853-F1BC357EB171}"
EndProject
Project("{9A19103F-16F7-4668-BE54-9A1E7A4F7556}") = "Day05", "Day05\Day05.csproj", "{E053F1C1-2B3A-4484-A224-E3A061450572}"
EndProject
Global
	GlobalSection(SolutionConfigurationPlatforms) = preSolution
		Debug|Any CPU = Debug|Any CPU
		Release|Any CPU = Release|Any CPU
	EndGlobalSection
	GlobalSection(ProjectConfigurationPlatforms) = postSolution
		{210E4A4B-402A-4A78-846E-1BA18A38BD0F}.Debug|Any CPU.ActiveCfg = Debug|Any CPU
		{210E4A4B-402A-4A78-846E-1BA18A38BD0F}.Debug|Any CPU.Build.0 = Debug|Any CPU
		{210E4A4B-402A-4A78-846E-1BA18A38BD0F}.Release|Any CPU.ActiveCfg = Release|Any CPU
		{210E4A4B-402A-4A78-846E-1BA18A38BD0F}.Release|Any CPU.Build.0 = Release|Any CPU
		{EAC49D7B-71D5-4E63-8450-6BBBEEFAF2E3}.Debug|Any CPU.ActiveCfg = Debug|Any CPU
		{EAC49D7B-71D5-4E63-8450-6BBBEEFAF2E3}.Debug|Any CPU.Build.0 = Debug|Any CPU
		{EAC49D7B-71D5-4E63-8450-6BBBEEFAF2E3}.Release|Any CPU.ActiveCfg = Release|Any CPU
		{EAC49D7B-71D5-4E63-8450-6BBBEEFAF2E3}.Release|Any CPU.Build.0 = Release|Any CPU
		{2756EC2E-76CC-4B03-90B4-48AF8E73EFE9}.Debug|Any CPU.ActiveCfg = Debug|Any CPU
		{2756EC2E-76CC-4B03-90B4-48AF8E73EFE9}.Debug|Any CPU.Build.0 = Debug|Any CPU
		{2756EC2E-76CC-4B03-90B4-48AF8E73EFE9}.Release|Any CPU.ActiveCfg = Release|Any CPU
		{2756EC2E-76CC-4B03-90B4-48AF8E73EFE9}.Release|Any CPU.Build.0 = Release|Any CPU
		{88CE2AF2-6C96-4FA8-A853-F1BC357EB171}.Debug|Any CPU.ActiveCfg = Debug|Any CPU
		{88CE2AF2-6C96-4FA8-A853-F1BC357EB171}.Debug|Any CPU.Build.0 = Debug|Any CPU
		{88CE2AF2-6C96-4FA8-A853-F1BC357EB171}.Release|Any CPU.ActiveCfg = Release|Any CPU
		{88CE2AF2-6C96-4FA8-A853-F1BC357EB171}.Release|Any CPU.Build.0 = Release|Any CPU
		{E053F1C1-2B3A-4484-A224-E3A061450572}.Debug|Any CPU.ActiveCfg = Debug|Any CPU
		{E053F1C1-2B3A-4484-A224-E3A061450572}.Debug|Any CPU.Build.0 = Debug|Any CPU
		{E053F1C1-2B3A-4484-A224-E3A061450572}.Release|Any CPU.ActiveCfg = Release|Any CPU
		{E053F1C1-2B3A-4484-A224-E3A061450572}.Release|Any CPU.Build.0 = Release|Any CPU
	EndGlobalSection
	GlobalSection(SolutionProperties) = preSolution
		HideSolutionNode = FALSE
	EndGlobalSection
	GlobalSection(ExtensibilityGlobals) = postSolution
		SolutionGuid = {4CBFD62D-5253-4F2B-A80A-45F1589D6D6E}
	EndGlobalSection
EndGlobal
